// !$*UTF8*$!
{
	archiveVersion = 1;
	classes = {
	};
	objectVersion = 60;
	objects = {

/* Begin PBXBuildFile section */
		67299DF92C68672C00DA36CD /* FrameAndLayoutsApp.swift in Sources */ = {isa = PBXBuildFile; fileRef = 67299DF82C68672C00DA36CD /* FrameAndLayoutsApp.swift */; };
		67299DFB2C68672C00DA36CD /* ContentView.swift in Sources */ = {isa = PBXBuildFile; fileRef = 67299DFA2C68672C00DA36CD /* ContentView.swift */; };
		67299DFD2C68672D00DA36CD /* Assets.xcassets in Resources */ = {isa = PBXBuildFile; fileRef = 67299DFC2C68672D00DA36CD /* Assets.xcassets */; };
		67299E002C68672D00DA36CD /* Preview Assets.xcassets in Resources */ = {isa = PBXBuildFile; fileRef = 67299DFF2C68672D00DA36CD /* Preview Assets.xcassets */; };
		67299E0A2C68672D00DA36CD /* FrameAndLayoutsTests.swift in Sources */ = {isa = PBXBuildFile; fileRef = 67299E092C68672D00DA36CD /* FrameAndLayoutsTests.swift */; };
		67299E142C68672D00DA36CD /* FrameAndLayoutsUITests.swift in Sources */ = {isa = PBXBuildFile; fileRef = 67299E132C68672D00DA36CD /* FrameAndLayoutsUITests.swift */; };
		67299E162C68672D00DA36CD /* FrameAndLayoutsUITestsLaunchTests.swift in Sources */ = {isa = PBXBuildFile; fileRef = 67299E152C68672D00DA36CD /* FrameAndLayoutsUITestsLaunchTests.swift */; };
/* End PBXBuildFile section */

/* Begin PBXContainerItemProxy section */
		67299E062C68672D00DA36CD /* PBXContainerItemProxy */ = {
			isa = PBXContainerItemProxy;
			containerPortal = 67299DED2C68672C00DA36CD /* Project object */;
			proxyType = 1;
			remoteGlobalIDString = 67299DF42C68672C00DA36CD;
			remoteInfo = FrameAndLayouts;
		};
		67299E102C68672D00DA36CD /* PBXContainerItemProxy */ = {
			isa = PBXContainerItemProxy;
			containerPortal = 67299DED2C68672C00DA36CD /* Project object */;
			proxyType = 1;
			remoteGlobalIDString = 67299DF42C68672C00DA36CD;
			remoteInfo = FrameAndLayouts;
		};
/* End PBXContainerItemProxy section */

/* Begin PBXFileReference section */
		67299DF52C68672C00DA36CD /* FrameAndLayouts.app */ = {isa = PBXFileReference; explicitFileType = wrapper.application; includeInIndex = 0; path = FrameAndLayouts.app; sourceTree = BUILT_PRODUCTS_DIR; };
		67299DF82C68672C00DA36CD /* FrameAndLayoutsApp.swift */ = {isa = PBXFileReference; lastKnownFileType = sourcecode.swift; path = FrameAndLayoutsApp.swift; sourceTree = "<group>"; };
		67299DFA2C68672C00DA36CD /* ContentView.swift */ = {isa = PBXFileReference; lastKnownFileType = sourcecode.swift; path = ContentView.swift; sourceTree = "<group>"; };
		67299DFC2C68672D00DA36CD /* Assets.xcassets */ = {isa = PBXFileReference; lastKnownFileType = folder.assetcatalog; path = Assets.xcassets; sourceTree = "<group>"; };
		67299DFF2C68672D00DA36CD /* Preview Assets.xcassets */ = {isa = PBXFileReference; lastKnownFileType = folder.assetcatalog; path = "Preview Assets.xcassets"; sourceTree = "<group>"; };
		67299E052C68672D00DA36CD /* FrameAndLayoutsTests.xctest */ = {isa = PBXFileReference; explicitFileType = wrapper.cfbundle; includeInIndex = 0; path = FrameAndLayoutsTests.xctest; sourceTree = BUILT_PRODUCTS_DIR; };
		67299E092C68672D00DA36CD /* FrameAndLayoutsTests.swift */ = {isa = PBXFileReference; lastKnownFileType = sourcecode.swift; path = FrameAndLayoutsTests.swift; sourceTree = "<group>"; };
		67299E0F2C68672D00DA36CD /* FrameAndLayoutsUITests.xctest */ = {isa = PBXFileReference; explicitFileType = wrapper.cfbundle; includeInIndex = 0; path = FrameAndLayoutsUITests.xctest; sourceTree = BUILT_PRODUCTS_DIR; };
		67299E132C68672D00DA36CD /* FrameAndLayoutsUITests.swift */ = {isa = PBXFileReference; lastKnownFileType = sourcecode.swift; path = FrameAndLayoutsUITests.swift; sourceTree = "<group>"; };
		67299E152C68672D00DA36CD /* FrameAndLayoutsUITestsLaunchTests.swift */ = {isa = PBXFileReference; lastKnownFileType = sourcecode.swift; path = FrameAndLayoutsUITestsLaunchTests.swift; sourceTree = "<group>"; };
/* End PBXFileReference section */

/* Begin PBXFrameworksBuildPhase section */
		67299DF22C68672C00DA36CD /* Frameworks */ = {
			isa = PBXFrameworksBuildPhase;
			buildActionMask = 2147483647;
			files = (
			);
			runOnlyForDeploymentPostprocessing = 0;
		};
		67299E022C68672D00DA36CD /* Frameworks */ = {
			isa = PBXFrameworksBuildPhase;
			buildActionMask = 2147483647;
			files = (
			);
			runOnlyForDeploymentPostprocessing = 0;
		};
		67299E0C2C68672D00DA36CD /* Frameworks */ = {
			isa = PBXFrameworksBuildPhase;
			buildActionMask = 2147483647;
			files = (
			);
			runOnlyForDeploymentPostprocessing = 0;
		};
/* End PBXFrameworksBuildPhase section */

/* Begin PBXGroup section */
		67299DEC2C68672C00DA36CD = {
			isa = PBXGroup;
			children = (
				67299DF72C68672C00DA36CD /* FrameAndLayouts */,
				67299E082C68672D00DA36CD /* FrameAndLayoutsTests */,
				67299E122C68672D00DA36CD /* FrameAndLayoutsUITests */,
				67299DF62C68672C00DA36CD /* Products */,
			);
			sourceTree = "<group>";
		};
		67299DF62C68672C00DA36CD /* Products */ = {
			isa = PBXGroup;
			children = (
				67299DF52C68672C00DA36CD /* FrameAndLayouts.app */,
				67299E052C68672D00DA36CD /* FrameAndLayoutsTests.xctest */,
				67299E0F2C68672D00DA36CD /* FrameAndLayoutsUITests.xctest */,
			);
			name = Products;
			sourceTree = "<group>";
		};
		67299DF72C68672C00DA36CD /* FrameAndLayouts */ = {
			isa = PBXGroup;
			children = (
				67299DF82C68672C00DA36CD /* FrameAndLayoutsApp.swift */,
				67299DFA2C68672C00DA36CD /* ContentView.swift */,
				67299DFC2C68672D00DA36CD /* Assets.xcassets */,
				67299DFE2C68672D00DA36CD /* Preview Content */,
			);
			path = FrameAndLayouts;
			sourceTree = "<group>";
		};
		67299DFE2C68672D00DA36CD /* Preview Content */ = {
			isa = PBXGroup;
			children = (
				67299DFF2C68672D00DA36CD /* Preview Assets.xcassets */,
			);
			path = "Preview Content";
			sourceTree = "<group>";
		};
		67299E082C68672D00DA36CD /* FrameAndLayoutsTests */ = {
			isa = PBXGroup;
			children = (
				67299E092C68672D00DA36CD /* FrameAndLayoutsTests.swift */,
			);
			path = FrameAndLayoutsTests;
			sourceTree = "<group>";
		};
		67299E122C68672D00DA36CD /* FrameAndLayoutsUITests */ = {
			isa = PBXGroup;
			children = (
				67299E132C68672D00DA36CD /* FrameAndLayoutsUITests.swift */,
				67299E152C68672D00DA36CD /* FrameAndLayoutsUITestsLaunchTests.swift */,
			);
			path = FrameAndLayoutsUITests;
			sourceTree = "<group>";
		};
/* End PBXGroup section */

/* Begin PBXNativeTarget section */
		67299DF42C68672C00DA36CD /* FrameAndLayouts */ = {
			isa = PBXNativeTarget;
			buildConfigurationList = 67299E192C68672D00DA36CD /* Build configuration list for PBXNativeTarget "FrameAndLayouts" */;
			buildPhases = (
				67299DF12C68672C00DA36CD /* Sources */,
				67299DF22C68672C00DA36CD /* Frameworks */,
				67299DF32C68672C00DA36CD /* Resources */,
			);
			buildRules = (
			);
			dependencies = (
			);
			name = FrameAndLayouts;
			productName = FrameAndLayouts;
			productReference = 67299DF52C68672C00DA36CD /* FrameAndLayouts.app */;
			productType = "com.apple.product-type.application";
		};
		67299E042C68672D00DA36CD /* FrameAndLayoutsTests */ = {
			isa = PBXNativeTarget;
			buildConfigurationList = 67299E1C2C68672D00DA36CD /* Build configuration list for PBXNativeTarget "FrameAndLayoutsTests" */;
			buildPhases = (
				67299E012C68672D00DA36CD /* Sources */,
				67299E022C68672D00DA36CD /* Frameworks */,
				67299E032C68672D00DA36CD /* Resources */,
			);
			buildRules = (
			);
			dependencies = (
				67299E072C68672D00DA36CD /* PBXTargetDependency */,
			);
			name = FrameAndLayoutsTests;
			productName = FrameAndLayoutsTests;
			productReference = 67299E052C68672D00DA36CD /* FrameAndLayoutsTests.xctest */;
			productType = "com.apple.product-type.bundle.unit-test";
		};
		67299E0E2C68672D00DA36CD /* FrameAndLayoutsUITests */ = {
			isa = PBXNativeTarget;
			buildConfigurationList = 67299E1F2C68672D00DA36CD /* Build configuration list for PBXNativeTarget "FrameAndLayoutsUITests" */;
			buildPhases = (
				67299E0B2C68672D00DA36CD /* Sources */,
				67299E0C2C68672D00DA36CD /* Frameworks */,
				67299E0D2C68672D00DA36CD /* Resources */,
			);
			buildRules = (
			);
			dependencies = (
				67299E112C68672D00DA36CD /* PBXTargetDependency */,
			);
			name = FrameAndLayoutsUITests;
			productName = FrameAndLayoutsUITests;
			productReference = 67299E0F2C68672D00DA36CD /* FrameAndLayoutsUITests.xctest */;
			productType = "com.apple.product-type.bundle.ui-testing";
		};
/* End PBXNativeTarget section */

/* Begin PBXProject section */
		67299DED2C68672C00DA36CD /* Project object */ = {
			isa = PBXProject;
			attributes = {
				BuildIndependentTargetsInParallel = 1;
				LastSwiftUpdateCheck = 1600;
				LastUpgradeCheck = 1600;
				TargetAttributes = {
					67299DF42C68672C00DA36CD = {
						CreatedOnToolsVersion = 16.0;
					};
					67299E042C68672D00DA36CD = {
						CreatedOnToolsVersion = 16.0;
						TestTargetID = 67299DF42C68672C00DA36CD;
					};
					67299E0E2C68672D00DA36CD = {
						CreatedOnToolsVersion = 16.0;
						TestTargetID = 67299DF42C68672C00DA36CD;
					};
				};
			};
			buildConfigurationList = 67299DF02C68672C00DA36CD /* Build configuration list for PBXProject "FrameAndLayouts" */;
			compatibilityVersion = "Xcode 15.0";
			developmentRegion = en;
			hasScannedForEncodings = 0;
			knownRegions = (
				en,
				Base,
			);
			mainGroup = 67299DEC2C68672C00DA36CD;
			productRefGroup = 67299DF62C68672C00DA36CD /* Products */;
			projectDirPath = "";
			projectRoot = "";
			targets = (
				67299DF42C68672C00DA36CD /* FrameAndLayouts */,
				67299E042C68672D00DA36CD /* FrameAndLayoutsTests */,
				67299E0E2C68672D00DA36CD /* FrameAndLayoutsUITests */,
			);
		};
/* End PBXProject section */

/* Begin PBXResourcesBuildPhase section */
		67299DF32C68672C00DA36CD /* Resources */ = {
			isa = PBXResourcesBuildPhase;
			buildActionMask = 2147483647;
			files = (
				67299E002C68672D00DA36CD /* Preview Assets.xcassets in Resources */,
				67299DFD2C68672D00DA36CD /* Assets.xcassets in Resources */,
			);
			runOnlyForDeploymentPostprocessing = 0;
		};
		67299E032C68672D00DA36CD /* Resources */ = {
			isa = PBXResourcesBuildPhase;
			buildActionMask = 2147483647;
			files = (
			);
			runOnlyForDeploymentPostprocessing = 0;
		};
		67299E0D2C68672D00DA36CD /* Resources */ = {
			isa = PBXResourcesBuildPhase;
			buildActionMask = 2147483647;
			files = (
			);
			runOnlyForDeploymentPostprocessing = 0;
		};
/* End PBXResourcesBuildPhase section */

/* Begin PBXSourcesBuildPhase section */
		67299DF12C68672C00DA36CD /* Sources */ = {
			isa = PBXSourcesBuildPhase;
			buildActionMask = 2147483647;
			files = (
				67299DFB2C68672C00DA36CD /* ContentView.swift in Sources */,
				67299DF92C68672C00DA36CD /* FrameAndLayoutsApp.swift in Sources */,
			);
			runOnlyForDeploymentPostprocessing = 0;
		};
		67299E012C68672D00DA36CD /* Sources */ = {
			isa = PBXSourcesBuildPhase;
			buildActionMask = 2147483647;
			files = (
				67299E0A2C68672D00DA36CD /* FrameAndLayoutsTests.swift in Sources */,
			);
			runOnlyForDeploymentPostprocessing = 0;
		};
		67299E0B2C68672D00DA36CD /* Sources */ = {
			isa = PBXSourcesBuildPhase;
			buildActionMask = 2147483647;
			files = (
				67299E162C68672D00DA36CD /* FrameAndLayoutsUITestsLaunchTests.swift in Sources */,
				67299E142C68672D00DA36CD /* FrameAndLayoutsUITests.swift in Sources */,
			);
			runOnlyForDeploymentPostprocessing = 0;
		};
/* End PBXSourcesBuildPhase section */

/* Begin PBXTargetDependency section */
		67299E072C68672D00DA36CD /* PBXTargetDependency */ = {
			isa = PBXTargetDependency;
			target = 67299DF42C68672C00DA36CD /* FrameAndLayouts */;
			targetProxy = 67299E062C68672D00DA36CD /* PBXContainerItemProxy */;
		};
		67299E112C68672D00DA36CD /* PBXTargetDependency */ = {
			isa = PBXTargetDependency;
			target = 67299DF42C68672C00DA36CD /* FrameAndLayouts */;
			targetProxy = 67299E102C68672D00DA36CD /* PBXContainerItemProxy */;
		};
/* End PBXTargetDependency section */

/* Begin XCBuildConfiguration section */
		67299E172C68672D00DA36CD /* Debug */ = {
			isa = XCBuildConfiguration;
			buildSettings = {
				ALWAYS_SEARCH_USER_PATHS = NO;
				ASSETCATALOG_COMPILER_GENERATE_SWIFT_ASSET_SYMBOL_EXTENSIONS = YES;
				CLANG_ANALYZER_NONNULL = YES;
				CLANG_ANALYZER_NUMBER_OBJECT_CONVERSION = YES_AGGRESSIVE;
				CLANG_CXX_LANGUAGE_STANDARD = "gnu++20";
				CLANG_ENABLE_MODULES = YES;
				CLANG_ENABLE_OBJC_ARC = YES;
				CLANG_ENABLE_OBJC_WEAK = YES;
				CLANG_WARN_BLOCK_CAPTURE_AUTORELEASING = YES;
				CLANG_WARN_BOOL_CONVERSION = YES;
				CLANG_WARN_COMMA = YES;
				CLANG_WARN_CONSTANT_CONVERSION = YES;
				CLANG_WARN_DEPRECATED_OBJC_IMPLEMENTATIONS = YES;
				CLANG_WARN_DIRECT_OBJC_ISA_USAGE = YES_ERROR;
				CLANG_WARN_DOCUMENTATION_COMMENTS = YES;
				CLANG_WARN_EMPTY_BODY = YES;
				CLANG_WARN_ENUM_CONVERSION = YES;
				CLANG_WARN_INFINITE_RECURSION = YES;
				CLANG_WARN_INT_CONVERSION = YES;
				CLANG_WARN_NON_LITERAL_NULL_CONVERSION = YES;
				CLANG_WARN_OBJC_IMPLICIT_RETAIN_SELF = YES;
				CLANG_WARN_OBJC_LITERAL_CONVERSION = YES;
				CLANG_WARN_OBJC_ROOT_CLASS = YES_ERROR;
				CLANG_WARN_QUOTED_INCLUDE_IN_FRAMEWORK_HEADER = YES;
				CLANG_WARN_RANGE_LOOP_ANALYSIS = YES;
				CLANG_WARN_STRICT_PROTOTYPES = YES;
				CLANG_WARN_SUSPICIOUS_MOVE = YES;
				CLANG_WARN_UNGUARDED_AVAILABILITY = YES_AGGRESSIVE;
				CLANG_WARN_UNREACHABLE_CODE = YES;
				CLANG_WARN__DUPLICATE_METHOD_MATCH = YES;
				COPY_PHASE_STRIP = NO;
				DEBUG_INFORMATION_FORMAT = dwarf;
				ENABLE_STRICT_OBJC_MSGSEND = YES;
				ENABLE_TESTABILITY = YES;
				ENABLE_USER_SCRIPT_SANDBOXING = YES;
				GCC_C_LANGUAGE_STANDARD = gnu17;
				GCC_DYNAMIC_NO_PIC = NO;
				GCC_NO_COMMON_BLOCKS = YES;
				GCC_OPTIMIZATION_LEVEL = 0;
				GCC_PREPROCESSOR_DEFINITIONS = (
					"DEBUG=1",
					"$(inherited)",
				);
				GCC_WARN_64_TO_32_BIT_CONVERSION = YES;
				GCC_WARN_ABOUT_RETURN_TYPE = YES_ERROR;
				GCC_WARN_UNDECLARED_SELECTOR = YES;
				GCC_WARN_UNINITIALIZED_AUTOS = YES_AGGRESSIVE;
				GCC_WARN_UNUSED_FUNCTION = YES;
				GCC_WARN_UNUSED_VARIABLE = YES;
				IPHONEOS_DEPLOYMENT_TARGET = 18.0;
				LOCALIZATION_PREFERS_STRING_CATALOGS = YES;
				MTL_ENABLE_DEBUG_INFO = INCLUDE_SOURCE;
				MTL_FAST_MATH = YES;
				ONLY_ACTIVE_ARCH = YES;
				SDKROOT = iphoneos;
				SWIFT_ACTIVE_COMPILATION_CONDITIONS = "DEBUG $(inherited)";
				SWIFT_OPTIMIZATION_LEVEL = "-Onone";
			};
			name = Debug;
		};
		67299E182C68672D00DA36CD /* Release */ = {
			isa = XCBuildConfiguration;
			buildSettings = {
				ALWAYS_SEARCH_USER_PATHS = NO;
				ASSETCATALOG_COMPILER_GENERATE_SWIFT_ASSET_SYMBOL_EXTENSIONS = YES;
				CLANG_ANALYZER_NONNULL = YES;
				CLANG_ANALYZER_NUMBER_OBJECT_CONVERSION = YES_AGGRESSIVE;
				CLANG_CXX_LANGUAGE_STANDARD = "gnu++20";
				CLANG_ENABLE_MODULES = YES;
				CLANG_ENABLE_OBJC_ARC = YES;
				CLANG_ENABLE_OBJC_WEAK = YES;
				CLANG_WARN_BLOCK_CAPTURE_AUTORELEASING = YES;
				CLANG_WARN_BOOL_CONVERSION = YES;
				CLANG_WARN_COMMA = YES;
				CLANG_WARN_CONSTANT_CONVERSION = YES;
				CLANG_WARN_DEPRECATED_OBJC_IMPLEMENTATIONS = YES;
				CLANG_WARN_DIRECT_OBJC_ISA_USAGE = YES_ERROR;
				CLANG_WARN_DOCUMENTATION_COMMENTS = YES;
				CLANG_WARN_EMPTY_BODY = YES;
				CLANG_WARN_ENUM_CONVERSION = YES;
				CLANG_WARN_INFINITE_RECURSION = YES;
				CLANG_WARN_INT_CONVERSION = YES;
				CLANG_WARN_NON_LITERAL_NULL_CONVERSION = YES;
				CLANG_WARN_OBJC_IMPLICIT_RETAIN_SELF = YES;
				CLANG_WARN_OBJC_LITERAL_CONVERSION = YES;
				CLANG_WARN_OBJC_ROOT_CLASS = YES_ERROR;
				CLANG_WARN_QUOTED_INCLUDE_IN_FRAMEWORK_HEADER = YES;
				CLANG_WARN_RANGE_LOOP_ANALYSIS = YES;
				CLANG_WARN_STRICT_PROTOTYPES = YES;
				CLANG_WARN_SUSPICIOUS_MOVE = YES;
				CLANG_WARN_UNGUARDED_AVAILABILITY = YES_AGGRESSIVE;
				CLANG_WARN_UNREACHABLE_CODE = YES;
				CLANG_WARN__DUPLICATE_METHOD_MATCH = YES;
				COPY_PHASE_STRIP = NO;
				DEBUG_INFORMATION_FORMAT = "dwarf-with-dsym";
				ENABLE_NS_ASSERTIONS = NO;
				ENABLE_STRICT_OBJC_MSGSEND = YES;
				ENABLE_USER_SCRIPT_SANDBOXING = YES;
				GCC_C_LANGUAGE_STANDARD = gnu17;
				GCC_NO_COMMON_BLOCKS = YES;
				GCC_WARN_64_TO_32_BIT_CONVERSION = YES;
				GCC_WARN_ABOUT_RETURN_TYPE = YES_ERROR;
				GCC_WARN_UNDECLARED_SELECTOR = YES;
				GCC_WARN_UNINITIALIZED_AUTOS = YES_AGGRESSIVE;
				GCC_WARN_UNUSED_FUNCTION = YES;
				GCC_WARN_UNUSED_VARIABLE = YES;
				IPHONEOS_DEPLOYMENT_TARGET = 18.0;
				LOCALIZATION_PREFERS_STRING_CATALOGS = YES;
				MTL_ENABLE_DEBUG_INFO = NO;
				MTL_FAST_MATH = YES;
				SDKROOT = iphoneos;
				SWIFT_COMPILATION_MODE = wholemodule;
				VALIDATE_PRODUCT = YES;
			};
			name = Release;
		};
		67299E1A2C68672D00DA36CD /* Debug */ = {
			isa = XCBuildConfiguration;
			buildSettings = {
				ASSETCATALOG_COMPILER_APPICON_NAME = AppIcon;
				ASSETCATALOG_COMPILER_GLOBAL_ACCENT_COLOR_NAME = AccentColor;
				CODE_SIGN_STYLE = Automatic;
				CURRENT_PROJECT_VERSION = 1;
				DEVELOPMENT_ASSET_PATHS = "\"FrameAndLayouts/Preview Content\"";
				ENABLE_PREVIEWS = YES;
				GENERATE_INFOPLIST_FILE = YES;
				INFOPLIST_KEY_UIApplicationSceneManifest_Generation = YES;
				INFOPLIST_KEY_UIApplicationSupportsIndirectInputEvents = YES;
				INFOPLIST_KEY_UILaunchScreen_Generation = YES;
				INFOPLIST_KEY_UISupportedInterfaceOrientations_iPad = "UIInterfaceOrientationPortrait UIInterfaceOrientationPortraitUpsideDown UIInterfaceOrientationLandscapeLeft UIInterfaceOrientationLandscapeRight";
				INFOPLIST_KEY_UISupportedInterfaceOrientations_iPhone = "UIInterfaceOrientationPortrait UIInterfaceOrientationLandscapeLeft UIInterfaceOrientationLandscapeRight";
				LD_RUNPATH_SEARCH_PATHS = (
					"$(inherited)",
					"@executable_path/Frameworks",
				);
				MARKETING_VERSION = 1.0;
				PRODUCT_BUNDLE_IDENTIFIER = littlelemon.FrameAndLayouts;
				PRODUCT_NAME = "$(TARGET_NAME)";
				SWIFT_EMIT_LOC_STRINGS = YES;
				SWIFT_VERSION = 5.0;
				TARGETED_DEVICE_FAMILY = "1,2";
			};
			name = Debug;
		};
		67299E1B2C68672D00DA36CD /* Release */ = {
			isa = XCBuildConfiguration;
			buildSettings = {
				ASSETCATALOG_COMPILER_APPICON_NAME = AppIcon;
				ASSETCATALOG_COMPILER_GLOBAL_ACCENT_COLOR_NAME = AccentColor;
				CODE_SIGN_STYLE = Automatic;
				CURRENT_PROJECT_VERSION = 1;
				DEVELOPMENT_ASSET_PATHS = "\"FrameAndLayouts/Preview Content\"";
				ENABLE_PREVIEWS = YES;
				GENERATE_INFOPLIST_FILE = YES;
				INFOPLIST_KEY_UIApplicationSceneManifest_Generation = YES;
				INFOPLIST_KEY_UIApplicationSupportsIndirectInputEvents = YES;
				INFOPLIST_KEY_UILaunchScreen_Generation = YES;
				INFOPLIST_KEY_UISupportedInterfaceOrientations_iPad = "UIInterfaceOrientationPortrait UIInterfaceOrientationPortraitUpsideDown UIInterfaceOrientationLandscapeLeft UIInterfaceOrientationLandscapeRight";
				INFOPLIST_KEY_UISupportedInterfaceOrientations_iPhone = "UIInterfaceOrientationPortrait UIInterfaceOrientationLandscapeLeft UIInterfaceOrientationLandscapeRight";
				LD_RUNPATH_SEARCH_PATHS = (
					"$(inherited)",
					"@executable_path/Frameworks",
				);
				MARKETING_VERSION = 1.0;
				PRODUCT_BUNDLE_IDENTIFIER = littlelemon.FrameAndLayouts;
				PRODUCT_NAME = "$(TARGET_NAME)";
				SWIFT_EMIT_LOC_STRINGS = YES;
				SWIFT_VERSION = 5.0;
				TARGETED_DEVICE_FAMILY = "1,2";
			};
			name = Release;
		};
		67299E1D2C68672D00DA36CD /* Debug */ = {
			isa = XCBuildConfiguration;
			buildSettings = {
				BUNDLE_LOADER = "$(TEST_HOST)";
				CODE_SIGN_STYLE = Automatic;
				CURRENT_PROJECT_VERSION = 1;
				GENERATE_INFOPLIST_FILE = YES;
				IPHONEOS_DEPLOYMENT_TARGET = 18.0;
				MARKETING_VERSION = 1.0;
				PRODUCT_BUNDLE_IDENTIFIER = littlelemon.FrameAndLayoutsTests;
				PRODUCT_NAME = "$(TARGET_NAME)";
				SWIFT_EMIT_LOC_STRINGS = NO;
				SWIFT_VERSION = 5.0;
				TARGETED_DEVICE_FAMILY = "1,2";
				TEST_HOST = "$(BUILT_PRODUCTS_DIR)/FrameAndLayouts.app/$(BUNDLE_EXECUTABLE_FOLDER_PATH)/FrameAndLayouts";
			};
			name = Debug;
		};
		67299E1E2C68672D00DA36CD /* Release */ = {
			isa = XCBuildConfiguration;
			buildSettings = {
				BUNDLE_LOADER = "$(TEST_HOST)";
				CODE_SIGN_STYLE = Automatic;
				CURRENT_PROJECT_VERSION = 1;
				GENERATE_INFOPLIST_FILE = YES;
				IPHONEOS_DEPLOYMENT_TARGET = 18.0;
				MARKETING_VERSION = 1.0;
				PRODUCT_BUNDLE_IDENTIFIER = littlelemon.FrameAndLayoutsTests;
				PRODUCT_NAME = "$(TARGET_NAME)";
				SWIFT_EMIT_LOC_STRINGS = NO;
				SWIFT_VERSION = 5.0;
				TARGETED_DEVICE_FAMILY = "1,2";
				TEST_HOST = "$(BUILT_PRODUCTS_DIR)/FrameAndLayouts.app/$(BUNDLE_EXECUTABLE_FOLDER_PATH)/FrameAndLayouts";
			};
			name = Release;
		};
		67299E202C68672D00DA36CD /* Debug */ = {
			isa = XCBuildConfiguration;
			buildSettings = {
				CODE_SIGN_STYLE = Automatic;
				CURRENT_PROJECT_VERSION = 1;
				GENERATE_INFOPLIST_FILE = YES;
				MARKETING_VERSION = 1.0;
				PRODUCT_BUNDLE_IDENTIFIER = littlelemon.FrameAndLayoutsUITests;
				PRODUCT_NAME = "$(TARGET_NAME)";
				SWIFT_EMIT_LOC_STRINGS = NO;
				SWIFT_VERSION = 5.0;
				TARGETED_DEVICE_FAMILY = "1,2";
				TEST_TARGET_NAME = FrameAndLayouts;
			};
			name = Debug;
		};
		67299E212C68672D00DA36CD /* Release */ = {
			isa = XCBuildConfiguration;
			buildSettings = {
				CODE_SIGN_STYLE = Automatic;
				CURRENT_PROJECT_VERSION = 1;
				GENERATE_INFOPLIST_FILE = YES;
				MARKETING_VERSION = 1.0;
				PRODUCT_BUNDLE_IDENTIFIER = littlelemon.FrameAndLayoutsUITests;
				PRODUCT_NAME = "$(TARGET_NAME)";
				SWIFT_EMIT_LOC_STRINGS = NO;
				SWIFT_VERSION = 5.0;
				TARGETED_DEVICE_FAMILY = "1,2";
				TEST_TARGET_NAME = FrameAndLayouts;
			};
			name = Release;
		};
/* End XCBuildConfiguration section */

/* Begin XCConfigurationList section */
		67299DF02C68672C00DA36CD /* Build configuration list for PBXProject "FrameAndLayouts" */ = {
			isa = XCConfigurationList;
			buildConfigurations = (
				67299E172C68672D00DA36CD /* Debug */,
				67299E182C68672D00DA36CD /* Release */,
			);
			defaultConfigurationIsVisible = 0;
			defaultConfigurationName = Release;
		};
		67299E192C68672D00DA36CD /* Build configuration list for PBXNativeTarget "FrameAndLayouts" */ = {
			isa = XCConfigurationList;
			buildConfigurations = (
				67299E1A2C68672D00DA36CD /* Debug */,
				67299E1B2C68672D00DA36CD /* Release */,
			);
			defaultConfigurationIsVisible = 0;
			defaultConfigurationName = Release;
		};
		67299E1C2C68672D00DA36CD /* Build configuration list for PBXNativeTarget "FrameAndLayoutsTests" */ = {
			isa = XCConfigurationList;
			buildConfigurations = (
				67299E1D2C68672D00DA36CD /* Debug */,
				67299E1E2C68672D00DA36CD /* Release */,
			);
			defaultConfigurationIsVisible = 0;
			defaultConfigurationName = Release;
		};
		67299E1F2C68672D00DA36CD /* Build configuration list for PBXNativeTarget "FrameAndLayoutsUITests" */ = {
			isa = XCConfigurationList;
			buildConfigurations = (
				67299E202C68672D00DA36CD /* Debug */,
				67299E212C68672D00DA36CD /* Release */,
			);
			defaultConfigurationIsVisible = 0;
			defaultConfigurationName = Release;
		};
/* End XCConfigurationList section */
	};
	rootObject = 67299DED2C68672C00DA36CD /* Project object */;
}
